
Microsoft Visual Studio Solution File, Format Version 12.00
# Visual Studio Version 17
VisualStudioVersion = 17.4.33122.133
MinimumVisualStudioVersion = 10.0.40219.1
Project("{FAE04EC0-301F-11D3-BF4B-00C04F79EFBC}") = "WSVenta", "WSVenta\WSVenta.csproj", "{A9108164-1FFB-4FE2-A520-3117FD555FF5}"
EndProject
Global
	GlobalSection(SolutionConfigurationPlatforms) = preSolution
		Debug|Any CPU = Debug|Any CPU
		Release|Any CPU = Release|Any CPU
	EndGlobalSection
	GlobalSection(ProjectConfigurationPlatforms) = postSolution
		{A9108164-1FFB-4FE2-A520-3117FD555FF5}.Debug|Any CPU.ActiveCfg = Debug|Any CPU
		{A9108164-1FFB-4FE2-A520-3117FD555FF5}.Debug|Any CPU.Build.0 = Debug|Any CPU
		{A9108164-1FFB-4FE2-A520-3117FD555FF5}.Release|Any CPU.ActiveCfg = Release|Any CPU
		{A9108164-1FFB-4FE2-A520-3117FD555FF5}.Release|Any CPU.Build.0 = Release|Any CPU
	EndGlobalSection
	GlobalSection(SolutionProperties) = preSolution
		HideSolutionNode = FALSE
	EndGlobalSection
	GlobalSection(ExtensibilityGlobals) = postSolution
		SolutionGuid = {4F45F3E2-008E-44B8-B076-5CCB5C8B9194}
	EndGlobalSection
EndGlobal
